{
  "version": 4,
  "terraform_version": "1.3.7",
  "serial": 90,
  "lineage": "0fc013bf-61ba-8f02-eae0-43b51b44ce60",
  "outputs": {},
  "resources": [
    {
      "mode": "data",
      "type": "azurerm_client_config",
      "name": "current",
      "provider": "provider[\"registry.terraform.io/hashicorp/azurerm\"]",
      "instances": [
        {
          "schema_version": 0,
          "attributes": {
            "client_id": "0c59b34a-fdc2-4259-ab9a-66a6502949a3",
            "id": "Y2xpZW50Q29uZmlncy9jbGllbnRJZD0wYzU5YjM0YS1mZGMyLTQyNTktYWI5YS02NmE2NTAyOTQ5YTM7b2JqZWN0SWQ9Mjc2MWQxMDMtYzQ2Mi00Zjc1LWFjMzktMjExYzMzM2MzODczO3N1YnNjcmlwdGlvbklkPTkzMzFhNTA0LWVlMjktNDg3Ni05YzU5LWE1N2M3ODVmZjMzYzt0ZW5hbnRJZD03NDEzMjkyMS0wMjBkLTRkZTYtODVjMS1jZTU1N2YwNjU0ZjU=",
            "object_id": "2761d103-c462-4f75-ac39-211c333c3873",
            "subscription_id": "9331a504-ee29-4876-9c59-a57c785ff33c",
            "tenant_id": "74132921-020d-4de6-85c1-ce557f0654f5",
            "timeouts": null
          },
          "sensitive_attributes": []
        }
      ]
    },
    {
      "mode": "managed",
      "type": "azurerm_key_vault",
      "name": "fdvault1",
      "provider": "provider[\"registry.terraform.io/hashicorp/azurerm\"]",
      "instances": [
        {
          "schema_version": 2,
          "attributes": {
            "access_policy": [
              {
                "application_id": "",
                "certificate_permissions": null,
                "key_permissions": [
                  "Backup",
                  "Create",
                  "Decrypt",
                  "Delete",
                  "Encrypt",
                  "Get",
                  "Import",
                  "List",
                  "Purge",
                  "Recover",
                  "Restore"
                ],
                "object_id": "2761d103-c462-4f75-ac39-211c333c3873",
                "secret_permissions": [
                  "Set",
                  "Get",
                  "Delete",
                  "Purge",
                  "Recover"
                ],
                "storage_permissions": [
                  "Get",
                  "Set",
                  "Purge"
                ],
                "tenant_id": "74132921-020d-4de6-85c1-ce557f0654f5"
              }
            ],
            "contact": [],
            "enable_rbac_authorization": false,
            "enabled_for_deployment": false,
            "enabled_for_disk_encryption": true,
            "enabled_for_template_deployment": false,
            "id": "/subscriptions/9331a504-ee29-4876-9c59-a57c785ff33c/resourceGroups/fdvm-lab01/providers/Microsoft.KeyVault/vaults/fdvault1",
            "location": "norwayeast",
            "name": "fdvault1",
            "network_acls": [
              {
                "bypass": "AzureServices",
                "default_action": "Allow",
                "ip_rules": [],
                "virtual_network_subnet_ids": []
              }
            ],
            "public_network_access_enabled": true,
            "purge_protection_enabled": false,
            "resource_group_name": "fdvm-lab01",
            "sku_name": "standard",
            "soft_delete_retention_days": 7,
            "tags": null,
            "tenant_id": "74132921-020d-4de6-85c1-ce557f0654f5",
            "timeouts": null,
            "vault_uri": "https://fdvault1.vault.azure.net/"
          },
          "sensitive_attributes": [],
          "private": "eyJlMmJmYjczMC1lY2FhLTExZTYtOGY4OC0zNDM2M2JjN2M0YzAiOnsiY3JlYXRlIjoxODAwMDAwMDAwMDAwLCJkZWxldGUiOjE4MDAwMDAwMDAwMDAsInJlYWQiOjMwMDAwMDAwMDAwMCwidXBkYXRlIjoxODAwMDAwMDAwMDAwfSwic2NoZW1hX3ZlcnNpb24iOiIyIn0=",
          "dependencies": [
            "azurerm_resource_group.fdvm-lab01",
            "data.azurerm_client_config.current"
          ]
        }
      ]
    },
    {
      "mode": "managed",
      "type": "azurerm_key_vault_secret",
      "name": "vmpassword",
      "provider": "provider[\"registry.terraform.io/hashicorp/azurerm\"]",
      "instances": [
        {
          "schema_version": 0,
          "attributes": {
            "content_type": "",
            "expiration_date": null,
            "id": "https://fdvault1.vault.azure.net/secrets/vmpassword/84aad8c763b14f67a4a9b4270325638f",
            "key_vault_id": "/subscriptions/9331a504-ee29-4876-9c59-a57c785ff33c/resourceGroups/fdvm-lab01/providers/Microsoft.KeyVault/vaults/fdvault1",
            "name": "vmpassword",
            "not_before_date": null,
            "resource_id": "/subscriptions/9331a504-ee29-4876-9c59-a57c785ff33c/resourceGroups/fdvm-lab01/providers/Microsoft.KeyVault/vaults/fdvault1/secrets/vmpassword/versions/84aad8c763b14f67a4a9b4270325638f",
            "resource_versionless_id": "/subscriptions/9331a504-ee29-4876-9c59-a57c785ff33c/resourceGroups/fdvm-lab01/providers/Microsoft.KeyVault/vaults/fdvault1/secrets/vmpassword",
            "tags": null,
            "timeouts": null,
            "value": "h5r1K8:I%jm3h27\u0026ubXR",
            "version": "84aad8c763b14f67a4a9b4270325638f",
            "versionless_id": "https://fdvault1.vault.azure.net/secrets/vmpassword"
          },
          "sensitive_attributes": [
            [
              {
                "type": "get_attr",
                "value": "value"
              }
            ]
          ],
          "private": "eyJlMmJmYjczMC1lY2FhLTExZTYtOGY4OC0zNDM2M2JjN2M0YzAiOnsiY3JlYXRlIjoxODAwMDAwMDAwMDAwLCJkZWxldGUiOjE4MDAwMDAwMDAwMDAsInJlYWQiOjE4MDAwMDAwMDAwMDAsInVwZGF0ZSI6MTgwMDAwMDAwMDAwMH19",
          "dependencies": [
            "azurerm_key_vault.fdvault1",
            "azurerm_resource_group.fdvm-lab01",
            "data.azurerm_client_config.current",
            "random_password.vmpassword"
          ]
        }
      ]
    },
    {
      "mode": "managed",
      "type": "azurerm_lb",
      "name": "fdlbloadbalancer01",
      "provider": "provider[\"registry.terraform.io/hashicorp/azurerm\"]",
      "instances": [
        {
          "schema_version": 0,
          "attributes": {
            "edge_zone": "",
            "frontend_ip_configuration": [
              {
                "gateway_load_balancer_frontend_ip_configuration_id": "",
                "id": "/subscriptions/9331a504-ee29-4876-9c59-a57c785ff33c/resourceGroups/fdvm-lab01/providers/Microsoft.Network/loadBalancers/fdlbloadbalancer01/frontendIPConfigurations/fdfrontend_ip",
                "inbound_nat_rules": [],
                "load_balancer_rules": [],
                "name": "fdfrontend_ip",
                "outbound_rules": [],
                "private_ip_address": "",
                "private_ip_address_allocation": "Dynamic",
                "private_ip_address_version": "",
                "public_ip_address_id": "/subscriptions/9331a504-ee29-4876-9c59-a57c785ff33c/resourceGroups/fdvm-lab01/providers/Microsoft.Network/publicIPAddresses/fdload_ip",
                "public_ip_prefix_id": "",
                "subnet_id": "",
                "zones": null
              }
            ],
            "id": "/subscriptions/9331a504-ee29-4876-9c59-a57c785ff33c/resourceGroups/fdvm-lab01/providers/Microsoft.Network/loadBalancers/fdlbloadbalancer01",
            "location": "norwayeast",
            "name": "fdlbloadbalancer01",
            "private_ip_address": "",
            "private_ip_addresses": [],
            "resource_group_name": "fdvm-lab01",
            "sku": "Standard",
            "sku_tier": "Regional",
            "tags": null,
            "timeouts": null
          },
          "sensitive_attributes": [],
          "private": "eyJlMmJmYjczMC1lY2FhLTExZTYtOGY4OC0zNDM2M2JjN2M0YzAiOnsiY3JlYXRlIjoxODAwMDAwMDAwMDAwLCJkZWxldGUiOjE4MDAwMDAwMDAwMDAsInJlYWQiOjMwMDAwMDAwMDAwMCwidXBkYXRlIjoxODAwMDAwMDAwMDAwfX0=",
          "dependencies": [
            "azurerm_public_ip.fdload_ip",
            "azurerm_resource_group.fdvm-lab01"
          ]
        }
      ]
    },
    {
      "mode": "managed",
      "type": "azurerm_lb_backend_address_pool",
      "name": "scalesetpool",
      "provider": "provider[\"registry.terraform.io/hashicorp/azurerm\"]",
      "instances": [
        {
          "schema_version": 0,
          "attributes": {
            "backend_ip_configurations": [],
            "id": "/subscriptions/9331a504-ee29-4876-9c59-a57c785ff33c/resourceGroups/fdvm-lab01/providers/Microsoft.Network/loadBalancers/fdlbloadbalancer01/backendAddressPools/scalesetpool",
            "inbound_nat_rules": [],
            "load_balancing_rules": [],
            "loadbalancer_id": "/subscriptions/9331a504-ee29-4876-9c59-a57c785ff33c/resourceGroups/fdvm-lab01/providers/Microsoft.Network/loadBalancers/fdlbloadbalancer01",
            "name": "scalesetpool",
            "outbound_rules": [],
            "timeouts": null,
            "tunnel_interface": [],
            "virtual_network_id": ""
          },
          "sensitive_attributes": [],
          "private": "eyJlMmJmYjczMC1lY2FhLTExZTYtOGY4OC0zNDM2M2JjN2M0YzAiOnsiY3JlYXRlIjoxODAwMDAwMDAwMDAwLCJkZWxldGUiOjE4MDAwMDAwMDAwMDAsInJlYWQiOjMwMDAwMDAwMDAwMCwidXBkYXRlIjoxODAwMDAwMDAwMDAwfX0=",
          "dependencies": [
            "azurerm_lb.fdlbloadbalancer01",
            "azurerm_public_ip.fdload_ip",
            "azurerm_resource_group.fdvm-lab01"
          ]
        }
      ]
    },
    {
      "mode": "managed",
      "type": "azurerm_lb_backend_address_pool_address",
      "name": "fdvm1_address",
      "provider": "provider[\"registry.terraform.io/hashicorp/azurerm\"]",
      "instances": []
    },
    {
      "mode": "managed",
      "type": "azurerm_lb_backend_address_pool_address",
      "name": "fdvm2_address",
      "provider": "provider[\"registry.terraform.io/hashicorp/azurerm\"]",
      "instances": []
    },
    {
      "mode": "managed",
      "type": "azurerm_lb_probe",
      "name": "fdprobelab01",
      "provider": "provider[\"registry.terraform.io/hashicorp/azurerm\"]",
      "instances": [
        {
          "schema_version": 0,
          "attributes": {
            "id": "/subscriptions/9331a504-ee29-4876-9c59-a57c785ff33c/resourceGroups/fdvm-lab01/providers/Microsoft.Network/loadBalancers/fdlbloadbalancer01/probes/fdprobelab01",
            "interval_in_seconds": 15,
            "load_balancer_rules": [],
            "loadbalancer_id": "/subscriptions/9331a504-ee29-4876-9c59-a57c785ff33c/resourceGroups/fdvm-lab01/providers/Microsoft.Network/loadBalancers/fdlbloadbalancer01",
            "name": "fdprobelab01",
            "number_of_probes": 2,
            "port": 80,
            "probe_threshold": 1,
            "protocol": "Tcp",
            "request_path": "",
            "timeouts": null
          },
          "sensitive_attributes": [],
          "private": "eyJlMmJmYjczMC1lY2FhLTExZTYtOGY4OC0zNDM2M2JjN2M0YzAiOnsiY3JlYXRlIjoxODAwMDAwMDAwMDAwLCJkZWxldGUiOjE4MDAwMDAwMDAwMDAsInJlYWQiOjMwMDAwMDAwMDAwMCwidXBkYXRlIjoxODAwMDAwMDAwMDAwfX0=",
          "dependencies": [
            "azurerm_lb.fdlbloadbalancer01",
            "azurerm_public_ip.fdload_ip",
            "azurerm_resource_group.fdvm-lab01"
          ]
        }
      ]
    },
    {
      "mode": "managed",
      "type": "azurerm_lb_rule",
      "name": "fdlbrulelab01",
      "provider": "provider[\"registry.terraform.io/hashicorp/azurerm\"]",
      "instances": [
        {
          "schema_version": 0,
          "attributes": {
            "backend_address_pool_ids": [
              "/subscriptions/9331a504-ee29-4876-9c59-a57c785ff33c/resourceGroups/fdvm-lab01/providers/Microsoft.Network/loadBalancers/fdlbloadbalancer01/backendAddressPools/scalesetpool"
            ],
            "backend_port": 80,
            "disable_outbound_snat": false,
            "enable_floating_ip": false,
            "enable_tcp_reset": false,
            "frontend_ip_configuration_id": "/subscriptions/9331a504-ee29-4876-9c59-a57c785ff33c/resourceGroups/fdvm-lab01/providers/Microsoft.Network/loadBalancers/fdlbloadbalancer01/frontendIPConfigurations/fdfrontend_ip",
            "frontend_ip_configuration_name": "fdfrontend_ip",
            "frontend_port": 80,
            "id": "/subscriptions/9331a504-ee29-4876-9c59-a57c785ff33c/resourceGroups/fdvm-lab01/providers/Microsoft.Network/loadBalancers/fdlbloadbalancer01/loadBalancingRules/fdlbrulelab01",
            "idle_timeout_in_minutes": 4,
            "load_distribution": "Default",
            "loadbalancer_id": "/subscriptions/9331a504-ee29-4876-9c59-a57c785ff33c/resourceGroups/fdvm-lab01/providers/Microsoft.Network/loadBalancers/fdlbloadbalancer01",
            "name": "fdlbrulelab01",
            "probe_id": "/subscriptions/9331a504-ee29-4876-9c59-a57c785ff33c/resourceGroups/fdvm-lab01/providers/Microsoft.Network/loadBalancers/fdlbloadbalancer01/probes/fdprobelab01",
            "protocol": "Tcp",
            "timeouts": null
          },
          "sensitive_attributes": [],
          "private": "eyJlMmJmYjczMC1lY2FhLTExZTYtOGY4OC0zNDM2M2JjN2M0YzAiOnsiY3JlYXRlIjoxODAwMDAwMDAwMDAwLCJkZWxldGUiOjE4MDAwMDAwMDAwMDAsInJlYWQiOjMwMDAwMDAwMDAwMCwidXBkYXRlIjoxODAwMDAwMDAwMDAwfX0=",
          "dependencies": [
            "azurerm_lb.fdlbloadbalancer01",
            "azurerm_lb_backend_address_pool.scalesetpool",
            "azurerm_lb_probe.fdprobelab01",
            "azurerm_public_ip.fdload_ip",
            "azurerm_resource_group.fdvm-lab01"
          ]
        }
      ]
    },
    {
      "mode": "managed",
      "type": "azurerm_network_interface",
      "name": "fdniclab01",
      "provider": "provider[\"registry.terraform.io/hashicorp/azurerm\"]",
      "instances": []
    },
    {
      "mode": "managed",
      "type": "azurerm_public_ip",
      "name": "fdload_ip",
      "provider": "provider[\"registry.terraform.io/hashicorp/azurerm\"]",
      "instances": [
        {
          "schema_version": 0,
          "attributes": {
            "allocation_method": "Static",
            "ddos_protection_mode": "VirtualNetworkInherited",
            "ddos_protection_plan_id": null,
            "domain_name_label": null,
            "edge_zone": "",
            "fqdn": null,
            "id": "/subscriptions/9331a504-ee29-4876-9c59-a57c785ff33c/resourceGroups/fdvm-lab01/providers/Microsoft.Network/publicIPAddresses/fdload_ip",
            "idle_timeout_in_minutes": 4,
            "ip_address": "20.251.31.23",
            "ip_tags": null,
            "ip_version": "IPv4",
            "location": "norwayeast",
            "name": "fdload_ip",
            "public_ip_prefix_id": null,
            "resource_group_name": "fdvm-lab01",
            "reverse_fqdn": null,
            "sku": "Standard",
            "sku_tier": "Regional",
            "tags": {
              "environment": "fdlab01"
            },
            "timeouts": null,
            "zones": null
          },
          "sensitive_attributes": [],
          "private": "eyJlMmJmYjczMC1lY2FhLTExZTYtOGY4OC0zNDM2M2JjN2M0YzAiOnsiY3JlYXRlIjoxODAwMDAwMDAwMDAwLCJkZWxldGUiOjE4MDAwMDAwMDAwMDAsInJlYWQiOjMwMDAwMDAwMDAwMCwidXBkYXRlIjoxODAwMDAwMDAwMDAwfX0=",
          "dependencies": [
            "azurerm_resource_group.fdvm-lab01"
          ]
        }
      ]
    },
    {
      "mode": "managed",
      "type": "azurerm_public_ip",
      "name": "fdpubiplab02",
      "provider": "provider[\"registry.terraform.io/hashicorp/azurerm\"]",
      "instances": [
        {
          "index_key": 0,
          "schema_version": 0,
          "attributes": {
            "allocation_method": "Static",
            "ddos_protection_mode": "VirtualNetworkInherited",
            "ddos_protection_plan_id": null,
            "domain_name_label": null,
            "edge_zone": "",
            "fqdn": null,
            "id": "/subscriptions/9331a504-ee29-4876-9c59-a57c785ff33c/resourceGroups/fdvm-lab01/providers/Microsoft.Network/publicIPAddresses/fdpubiplab021",
            "idle_timeout_in_minutes": 30,
            "ip_address": "4.235.72.29",
            "ip_tags": null,
            "ip_version": "IPv4",
            "location": "norwayeast",
            "name": "fdpubiplab021",
            "public_ip_prefix_id": null,
            "resource_group_name": "fdvm-lab01",
            "reverse_fqdn": null,
            "sku": "Basic",
            "sku_tier": "Regional",
            "tags": {
              "environment": "fdlab01"
            },
            "timeouts": null,
            "zones": null
          },
          "sensitive_attributes": [],
          "private": "eyJlMmJmYjczMC1lY2FhLTExZTYtOGY4OC0zNDM2M2JjN2M0YzAiOnsiY3JlYXRlIjoxODAwMDAwMDAwMDAwLCJkZWxldGUiOjE4MDAwMDAwMDAwMDAsInJlYWQiOjMwMDAwMDAwMDAwMCwidXBkYXRlIjoxODAwMDAwMDAwMDAwfX0=",
          "dependencies": [
            "azurerm_resource_group.fdvm-lab01"
          ]
        },
        {
          "index_key": 1,
          "schema_version": 0,
          "attributes": {
            "allocation_method": "Static",
            "ddos_protection_mode": "VirtualNetworkInherited",
            "ddos_protection_plan_id": null,
            "domain_name_label": null,
            "edge_zone": "",
            "fqdn": null,
            "id": "/subscriptions/9331a504-ee29-4876-9c59-a57c785ff33c/resourceGroups/fdvm-lab01/providers/Microsoft.Network/publicIPAddresses/fdpubiplab022",
            "idle_timeout_in_minutes": 30,
            "ip_address": "20.251.31.165",
            "ip_tags": null,
            "ip_version": "IPv4",
            "location": "norwayeast",
            "name": "fdpubiplab022",
            "public_ip_prefix_id": null,
            "resource_group_name": "fdvm-lab01",
            "reverse_fqdn": null,
            "sku": "Basic",
            "sku_tier": "Regional",
            "tags": {
              "environment": "fdlab01"
            },
            "timeouts": null,
            "zones": null
          },
          "sensitive_attributes": [],
          "private": "eyJlMmJmYjczMC1lY2FhLTExZTYtOGY4OC0zNDM2M2JjN2M0YzAiOnsiY3JlYXRlIjoxODAwMDAwMDAwMDAwLCJkZWxldGUiOjE4MDAwMDAwMDAwMDAsInJlYWQiOjMwMDAwMDAwMDAwMCwidXBkYXRlIjoxODAwMDAwMDAwMDAwfX0=",
          "dependencies": [
            "azurerm_resource_group.fdvm-lab01"
          ]
        }
      ]
    },
    {
      "mode": "managed",
      "type": "azurerm_resource_group",
      "name": "VirtualMachines",
      "provider": "provider[\"registry.terraform.io/hashicorp/azurerm\"]",
      "instances": [
        {
          "schema_version": 0,
          "attributes": {
            "id": "/subscriptions/9331a504-ee29-4876-9c59-a57c785ff33c/resourceGroups/VirtualMachines",
            "location": "norwayeast",
            "name": "VirtualMachines",
            "tags": null,
            "timeouts": null
          },
          "sensitive_attributes": [],
          "private": "eyJlMmJmYjczMC1lY2FhLTExZTYtOGY4OC0zNDM2M2JjN2M0YzAiOnsiY3JlYXRlIjo1NDAwMDAwMDAwMDAwLCJkZWxldGUiOjU0MDAwMDAwMDAwMDAsInJlYWQiOjMwMDAwMDAwMDAwMCwidXBkYXRlIjo1NDAwMDAwMDAwMDAwfX0="
        }
      ]
    },
    {
      "mode": "managed",
      "type": "azurerm_resource_group",
      "name": "fdvm-lab01",
      "provider": "provider[\"registry.terraform.io/hashicorp/azurerm\"]",
      "instances": [
        {
          "schema_version": 0,
          "attributes": {
            "id": "/subscriptions/9331a504-ee29-4876-9c59-a57c785ff33c/resourceGroups/fdvm-lab01",
            "location": "norwayeast",
            "name": "fdvm-lab01",
            "tags": null,
            "timeouts": null
          },
          "sensitive_attributes": [],
          "private": "eyJlMmJmYjczMC1lY2FhLTExZTYtOGY4OC0zNDM2M2JjN2M0YzAiOnsiY3JlYXRlIjo1NDAwMDAwMDAwMDAwLCJkZWxldGUiOjU0MDAwMDAwMDAwMDAsInJlYWQiOjMwMDAwMDAwMDAwMCwidXBkYXRlIjo1NDAwMDAwMDAwMDAwfX0="
        }
      ]
    },
    {
      "mode": "managed",
      "type": "azurerm_subnet_network_security_group_association",
      "name": "fdnsgas",
      "provider": "provider[\"registry.terraform.io/hashicorp/azurerm\"]",
      "instances": []
    },
    {
      "mode": "managed",
      "type": "azurerm_virtual_network",
      "name": "fdlab-network",
      "provider": "provider[\"registry.terraform.io/hashicorp/azurerm\"]",
      "instances": [
        {
          "schema_version": 0,
          "attributes": {
            "address_space": [
              "10.0.0.0/16"
            ],
            "bgp_community": "",
            "ddos_protection_plan": [],
            "dns_servers": [],
            "edge_zone": "",
            "flow_timeout_in_minutes": 0,
            "guid": "16a3a14a-8cc3-4439-ba0c-645abdde5914",
            "id": "/subscriptions/9331a504-ee29-4876-9c59-a57c785ff33c/resourceGroups/fdvm-lab01/providers/Microsoft.Network/virtualNetworks/fdlab-network",
            "location": "norwayeast",
            "name": "fdlab-network",
            "resource_group_name": "fdvm-lab01",
            "subnet": [
              {
                "address_prefix": "10.0.0.0/16",
                "id": "/subscriptions/9331a504-ee29-4876-9c59-a57c785ff33c/resourceGroups/fdvm-lab01/providers/Microsoft.Network/virtualNetworks/fdlab-network/subnets/fdsubnetlab01",
                "name": "fdsubnetlab01",
                "security_group": ""
              }
            ],
            "tags": {
              "environment": "fdlab01"
            },
            "timeouts": null
          },
          "sensitive_attributes": [],
          "private": "eyJlMmJmYjczMC1lY2FhLTExZTYtOGY4OC0zNDM2M2JjN2M0YzAiOnsiY3JlYXRlIjoxODAwMDAwMDAwMDAwLCJkZWxldGUiOjE4MDAwMDAwMDAwMDAsInJlYWQiOjMwMDAwMDAwMDAwMCwidXBkYXRlIjoxODAwMDAwMDAwMDAwfX0=",
          "dependencies": [
            "azurerm_resource_group.fdvm-lab01"
          ]
        }
      ]
    },
    {
      "mode": "managed",
      "type": "azurerm_windows_virtual_machine",
      "name": "fdvmlab",
      "provider": "provider[\"registry.terraform.io/hashicorp/azurerm\"]",
      "instances": []
    },
    {
      "mode": "managed",
      "type": "random_password",
      "name": "vmpassword",
      "provider": "provider[\"registry.terraform.io/hashicorp/random\"]",
      "instances": [
        {
          "schema_version": 3,
          "attributes": {
            "bcrypt_hash": "$2a$10$Q7vnh08zXTtA9uIR1dAwketgxwx.6aWRAlwosZIEsycnO5/K187mG",
            "id": "none",
            "keepers": null,
            "length": 20,
            "lower": true,
            "min_lower": 0,
            "min_numeric": 0,
            "min_special": 0,
            "min_upper": 0,
            "number": true,
            "numeric": true,
            "override_special": null,
            "result": "h5r1K8:I%jm3h27\u0026ubXR",
            "special": true,
            "upper": true
          },
          "sensitive_attributes": []
        }
      ]
    }
  ],
  "check_results": null
}
