{
  "version": 4,
  "terraform_version": "1.3.7",
  "serial": 15,
  "lineage": "5d1417ad-aa8f-e9e0-57da-114032b3a5f3",
  "outputs": {
    "admin_password": {
      "value": "nE%]{\u003eiLs9w6=ffzjlMW",
      "type": "string",
      "sensitive": true
    },
    "public_ip_address": {
      "value": "20.251.9.143",
      "type": "string"
    },
    "resource_group_name": {
      "value": "FDVM-rg",
      "type": "string"
    }
  },
  "resources": [
    {
      "mode": "data",
      "type": "azurerm_client_config",
      "name": "current",
      "provider": "provider[\"registry.terraform.io/hashicorp/azurerm\"]",
      "instances": [
        {
          "schema_version": 0,
          "attributes": {
            "client_id": "0c59b34a-fdc2-4259-ab9a-66a6502949a3",
            "id": "Y2xpZW50Q29uZmlncy9jbGllbnRJZD0wYzU5YjM0YS1mZGMyLTQyNTktYWI5YS02NmE2NTAyOTQ5YTM7b2JqZWN0SWQ9Mjc2MWQxMDMtYzQ2Mi00Zjc1LWFjMzktMjExYzMzM2MzODczO3N1YnNjcmlwdGlvbklkPTkzMzFhNTA0LWVlMjktNDg3Ni05YzU5LWE1N2M3ODVmZjMzYzt0ZW5hbnRJZD03NDEzMjkyMS0wMjBkLTRkZTYtODVjMS1jZTU1N2YwNjU0ZjU=",
            "object_id": "2761d103-c462-4f75-ac39-211c333c3873",
            "subscription_id": "9331a504-ee29-4876-9c59-a57c785ff33c",
            "tenant_id": "74132921-020d-4de6-85c1-ce557f0654f5",
            "timeouts": null
          },
          "sensitive_attributes": []
        }
      ]
    },
    {
      "mode": "managed",
      "type": "azurerm_key_vault",
      "name": "FDkv005",
      "provider": "provider[\"registry.terraform.io/hashicorp/azurerm\"]",
      "instances": [
        {
          "schema_version": 2,
          "attributes": {
            "access_policy": [
              {
                "application_id": "",
                "certificate_permissions": [],
                "key_permissions": [
                  "Backup"
                ],
                "object_id": "2761d103-c462-4f75-ac39-211c333c3873",
                "secret_permissions": [
                  "Get",
                  "Set",
                  "Delete",
                  "Recover"
                ],
                "storage_permissions": [
                  "Get"
                ],
                "tenant_id": "74132921-020d-4de6-85c1-ce557f0654f5"
              },
              {
                "application_id": "",
                "certificate_permissions": [],
                "key_permissions": [],
                "object_id": "df172e7c-5592-46f0-bf43-b16f9d06b084",
                "secret_permissions": [
                  "Get",
                  "List",
                  "Set",
                  "Delete",
                  "Recover",
                  "Backup",
                  "Restore"
                ],
                "storage_permissions": [],
                "tenant_id": "74132921-020d-4de6-85c1-ce557f0654f5"
              }
            ],
            "contact": [],
            "enable_rbac_authorization": false,
            "enabled_for_deployment": false,
            "enabled_for_disk_encryption": true,
            "enabled_for_template_deployment": false,
            "id": "/subscriptions/9331a504-ee29-4876-9c59-a57c785ff33c/resourceGroups/FDVM-rg/providers/Microsoft.KeyVault/vaults/FDvault005",
            "location": "norwayeast",
            "name": "FDvault005",
            "network_acls": [
              {
                "bypass": "AzureServices",
                "default_action": "Allow",
                "ip_rules": [],
                "virtual_network_subnet_ids": []
              }
            ],
            "public_network_access_enabled": true,
            "purge_protection_enabled": false,
            "resource_group_name": "FDVM-rg",
            "sku_name": "standard",
            "soft_delete_retention_days": 7,
            "tags": null,
            "tenant_id": "74132921-020d-4de6-85c1-ce557f0654f5",
            "timeouts": null,
            "vault_uri": "https://fdvault005.vault.azure.net/"
          },
          "sensitive_attributes": [],
          "private": "eyJlMmJmYjczMC1lY2FhLTExZTYtOGY4OC0zNDM2M2JjN2M0YzAiOnsiY3JlYXRlIjoxODAwMDAwMDAwMDAwLCJkZWxldGUiOjE4MDAwMDAwMDAwMDAsInJlYWQiOjMwMDAwMDAwMDAwMCwidXBkYXRlIjoxODAwMDAwMDAwMDAwfSwic2NoZW1hX3ZlcnNpb24iOiIyIn0=",
          "dependencies": [
            "azurerm_resource_group.rg",
            "data.azurerm_client_config.current"
          ]
        }
      ]
    },
    {
      "mode": "managed",
      "type": "azurerm_network_interface",
      "name": "FD01_terraform_nic",
      "provider": "provider[\"registry.terraform.io/hashicorp/azurerm\"]",
      "instances": [
        {
          "schema_version": 0,
          "attributes": {
            "applied_dns_servers": [],
            "dns_servers": [],
            "edge_zone": "",
            "enable_accelerated_networking": false,
            "enable_ip_forwarding": false,
            "id": "/subscriptions/9331a504-ee29-4876-9c59-a57c785ff33c/resourceGroups/FDVM-rg/providers/Microsoft.Network/networkInterfaces/FD01_terraform_nic",
            "internal_dns_name_label": "",
            "internal_domain_name_suffix": "tjraux511diexn4m3140zpeu1c.oslx.internal.cloudapp.net",
            "ip_configuration": [
              {
                "gateway_load_balancer_frontend_ip_configuration_id": "",
                "name": "FD01_configuration",
                "primary": true,
                "private_ip_address": "10.0.1.4",
                "private_ip_address_allocation": "Dynamic",
                "private_ip_address_version": "IPv4",
                "public_ip_address_id": "/subscriptions/9331a504-ee29-4876-9c59-a57c785ff33c/resourceGroups/FDVM-rg/providers/Microsoft.Network/publicIPAddresses/fd001_terraform_public_ip",
                "subnet_id": "/subscriptions/9331a504-ee29-4876-9c59-a57c785ff33c/resourceGroups/FDVM-rg/providers/Microsoft.Network/virtualNetworks/FD_terraform_vnet/subnets/fd_terraform_subnet"
              }
            ],
            "location": "norwayeast",
            "mac_address": "",
            "name": "FD01_terraform_nic",
            "private_ip_address": "10.0.1.4",
            "private_ip_addresses": [
              "10.0.1.4"
            ],
            "resource_group_name": "FDVM-rg",
            "tags": null,
            "timeouts": null,
            "virtual_machine_id": ""
          },
          "sensitive_attributes": [],
          "private": "eyJlMmJmYjczMC1lY2FhLTExZTYtOGY4OC0zNDM2M2JjN2M0YzAiOnsiY3JlYXRlIjoxODAwMDAwMDAwMDAwLCJkZWxldGUiOjE4MDAwMDAwMDAwMDAsInJlYWQiOjMwMDAwMDAwMDAwMCwidXBkYXRlIjoxODAwMDAwMDAwMDAwfX0=",
          "dependencies": [
            "azurerm_network_security_group.FD_terraform_nsg",
            "azurerm_public_ip.fd001_terraform_public_ip",
            "azurerm_resource_group.rg",
            "azurerm_subnet.fd_terraform_subnet",
            "azurerm_virtual_network.FD_terraform_vnet"
          ]
        }
      ]
    },
    {
      "mode": "managed",
      "type": "azurerm_network_interface_security_group_association",
      "name": "FD01",
      "provider": "provider[\"registry.terraform.io/hashicorp/azurerm\"]",
      "instances": [
        {
          "schema_version": 0,
          "attributes": {
            "id": "/subscriptions/9331a504-ee29-4876-9c59-a57c785ff33c/resourceGroups/FDVM-rg/providers/Microsoft.Network/networkInterfaces/FD01_terraform_nic|/subscriptions/9331a504-ee29-4876-9c59-a57c785ff33c/resourceGroups/FDVM-rg/providers/Microsoft.Network/networkSecurityGroups/FD_terraform_nsg",
            "network_interface_id": "/subscriptions/9331a504-ee29-4876-9c59-a57c785ff33c/resourceGroups/FDVM-rg/providers/Microsoft.Network/networkInterfaces/FD01_terraform_nic",
            "network_security_group_id": "/subscriptions/9331a504-ee29-4876-9c59-a57c785ff33c/resourceGroups/FDVM-rg/providers/Microsoft.Network/networkSecurityGroups/FD_terraform_nsg",
            "timeouts": null
          },
          "sensitive_attributes": [],
          "private": "eyJlMmJmYjczMC1lY2FhLTExZTYtOGY4OC0zNDM2M2JjN2M0YzAiOnsiY3JlYXRlIjoxODAwMDAwMDAwMDAwLCJkZWxldGUiOjE4MDAwMDAwMDAwMDAsInJlYWQiOjMwMDAwMDAwMDAwMCwidXBkYXRlIjoxODAwMDAwMDAwMDAwfX0=",
          "dependencies": [
            "azurerm_network_interface.FD01_terraform_nic",
            "azurerm_network_security_group.FD_terraform_nsg",
            "azurerm_public_ip.fd001_terraform_public_ip",
            "azurerm_resource_group.rg",
            "azurerm_subnet.fd_terraform_subnet",
            "azurerm_virtual_network.FD_terraform_vnet"
          ]
        }
      ]
    },
    {
      "mode": "managed",
      "type": "azurerm_network_security_group",
      "name": "FD_terraform_nsg",
      "provider": "provider[\"registry.terraform.io/hashicorp/azurerm\"]",
      "instances": [
        {
          "schema_version": 0,
          "attributes": {
            "id": "/subscriptions/9331a504-ee29-4876-9c59-a57c785ff33c/resourceGroups/FDVM-rg/providers/Microsoft.Network/networkSecurityGroups/FD_terraform_nsg",
            "location": "norwayeast",
            "name": "FD_terraform_nsg",
            "resource_group_name": "FDVM-rg",
            "security_rule": [
              {
                "access": "Allow",
                "description": "",
                "destination_address_prefix": "*",
                "destination_address_prefixes": [],
                "destination_application_security_group_ids": [],
                "destination_port_range": "3389",
                "destination_port_ranges": [],
                "direction": "Inbound",
                "name": "RDP",
                "priority": 1000,
                "protocol": "*",
                "source_address_prefix": "*",
                "source_address_prefixes": [],
                "source_application_security_group_ids": [],
                "source_port_range": "*",
                "source_port_ranges": []
              },
              {
                "access": "Allow",
                "description": "",
                "destination_address_prefix": "*",
                "destination_address_prefixes": [],
                "destination_application_security_group_ids": [],
                "destination_port_range": "80",
                "destination_port_ranges": [],
                "direction": "Inbound",
                "name": "web",
                "priority": 1001,
                "protocol": "Tcp",
                "source_address_prefix": "*",
                "source_address_prefixes": [],
                "source_application_security_group_ids": [],
                "source_port_range": "*",
                "source_port_ranges": []
              }
            ],
            "tags": null,
            "timeouts": null
          },
          "sensitive_attributes": [],
          "private": "eyJlMmJmYjczMC1lY2FhLTExZTYtOGY4OC0zNDM2M2JjN2M0YzAiOnsiY3JlYXRlIjoxODAwMDAwMDAwMDAwLCJkZWxldGUiOjE4MDAwMDAwMDAwMDAsInJlYWQiOjMwMDAwMDAwMDAwMCwidXBkYXRlIjoxODAwMDAwMDAwMDAwfX0=",
          "dependencies": [
            "azurerm_resource_group.rg"
          ]
        }
      ]
    },
    {
      "mode": "managed",
      "type": "azurerm_public_ip",
      "name": "fd001_terraform_public_ip",
      "provider": "provider[\"registry.terraform.io/hashicorp/azurerm\"]",
      "instances": [
        {
          "schema_version": 0,
          "attributes": {
            "allocation_method": "Dynamic",
            "ddos_protection_mode": "VirtualNetworkInherited",
            "ddos_protection_plan_id": null,
            "domain_name_label": null,
            "edge_zone": "",
            "fqdn": null,
            "id": "/subscriptions/9331a504-ee29-4876-9c59-a57c785ff33c/resourceGroups/FDVM-rg/providers/Microsoft.Network/publicIPAddresses/fd001_terraform_public_ip",
            "idle_timeout_in_minutes": 4,
            "ip_address": "",
            "ip_tags": null,
            "ip_version": "IPv4",
            "location": "norwayeast",
            "name": "fd001_terraform_public_ip",
            "public_ip_prefix_id": null,
            "resource_group_name": "FDVM-rg",
            "reverse_fqdn": null,
            "sku": "Basic",
            "sku_tier": "Regional",
            "tags": null,
            "timeouts": null,
            "zones": null
          },
          "sensitive_attributes": [],
          "private": "eyJlMmJmYjczMC1lY2FhLTExZTYtOGY4OC0zNDM2M2JjN2M0YzAiOnsiY3JlYXRlIjoxODAwMDAwMDAwMDAwLCJkZWxldGUiOjE4MDAwMDAwMDAwMDAsInJlYWQiOjMwMDAwMDAwMDAwMCwidXBkYXRlIjoxODAwMDAwMDAwMDAwfX0=",
          "dependencies": [
            "azurerm_resource_group.rg"
          ]
        }
      ]
    },
    {
      "mode": "managed",
      "type": "azurerm_resource_group",
      "name": "rg",
      "provider": "provider[\"registry.terraform.io/hashicorp/azurerm\"]",
      "instances": [
        {
          "schema_version": 0,
          "attributes": {
            "id": "/subscriptions/9331a504-ee29-4876-9c59-a57c785ff33c/resourceGroups/FDVM-rg",
            "location": "norwayeast",
            "name": "FDVM-rg",
            "tags": null,
            "timeouts": null
          },
          "sensitive_attributes": [],
          "private": "eyJlMmJmYjczMC1lY2FhLTExZTYtOGY4OC0zNDM2M2JjN2M0YzAiOnsiY3JlYXRlIjo1NDAwMDAwMDAwMDAwLCJkZWxldGUiOjU0MDAwMDAwMDAwMDAsInJlYWQiOjMwMDAwMDAwMDAwMCwidXBkYXRlIjo1NDAwMDAwMDAwMDAwfX0="
        }
      ]
    },
    {
      "mode": "managed",
      "type": "azurerm_storage_account",
      "name": "FD01storageaccount2",
      "provider": "provider[\"registry.terraform.io/hashicorp/azurerm\"]",
      "instances": [
        {
          "schema_version": 3,
          "attributes": {
            "access_tier": "Hot",
            "account_kind": "StorageV2",
            "account_replication_type": "LRS",
            "account_tier": "Standard",
            "allow_nested_items_to_be_public": true,
            "allowed_copy_scope": "",
            "azure_files_authentication": [],
            "blob_properties": [
              {
                "change_feed_enabled": false,
                "change_feed_retention_in_days": 0,
                "container_delete_retention_policy": [],
                "cors_rule": [],
                "default_service_version": "",
                "delete_retention_policy": [],
                "last_access_time_enabled": false,
                "restore_policy": [],
                "versioning_enabled": false
              }
            ],
            "cross_tenant_replication_enabled": true,
            "custom_domain": [],
            "customer_managed_key": [],
            "default_to_oauth_authentication": false,
            "edge_zone": "",
            "enable_https_traffic_only": true,
            "id": "/subscriptions/9331a504-ee29-4876-9c59-a57c785ff33c/resourceGroups/FDVM-rg/providers/Microsoft.Storage/storageAccounts/fd01storageaccount2",
            "identity": [],
            "immutability_policy": [],
            "infrastructure_encryption_enabled": false,
            "is_hns_enabled": false,
            "large_file_share_enabled": null,
            "location": "norwayeast",
            "min_tls_version": "TLS1_2",
            "name": "fd01storageaccount2",
            "network_rules": [
              {
                "bypass": [
                  "AzureServices"
                ],
                "default_action": "Allow",
                "ip_rules": [],
                "private_link_access": [],
                "virtual_network_subnet_ids": []
              }
            ],
            "nfsv3_enabled": false,
            "primary_access_key": "KPpYwkdFFXv5RZehzLcf+SCpW4mQuTe4LT1epJXPyCYRERVkRid1lFBvbK+7y4ZSJKo20Njz4gnE+ASth/6dwA==",
            "primary_blob_connection_string": "DefaultEndpointsProtocol=https;BlobEndpoint=https://fd01storageaccount2.blob.core.windows.net/;AccountName=fd01storageaccount2;AccountKey=KPpYwkdFFXv5RZehzLcf+SCpW4mQuTe4LT1epJXPyCYRERVkRid1lFBvbK+7y4ZSJKo20Njz4gnE+ASth/6dwA==",
            "primary_blob_endpoint": "https://fd01storageaccount2.blob.core.windows.net/",
            "primary_blob_host": "fd01storageaccount2.blob.core.windows.net",
            "primary_connection_string": "DefaultEndpointsProtocol=https;AccountName=fd01storageaccount2;AccountKey=KPpYwkdFFXv5RZehzLcf+SCpW4mQuTe4LT1epJXPyCYRERVkRid1lFBvbK+7y4ZSJKo20Njz4gnE+ASth/6dwA==;EndpointSuffix=core.windows.net",
            "primary_dfs_endpoint": "https://fd01storageaccount2.dfs.core.windows.net/",
            "primary_dfs_host": "fd01storageaccount2.dfs.core.windows.net",
            "primary_file_endpoint": "https://fd01storageaccount2.file.core.windows.net/",
            "primary_file_host": "fd01storageaccount2.file.core.windows.net",
            "primary_location": "norwayeast",
            "primary_queue_endpoint": "https://fd01storageaccount2.queue.core.windows.net/",
            "primary_queue_host": "fd01storageaccount2.queue.core.windows.net",
            "primary_table_endpoint": "https://fd01storageaccount2.table.core.windows.net/",
            "primary_table_host": "fd01storageaccount2.table.core.windows.net",
            "primary_web_endpoint": "https://fd01storageaccount2.z1.web.core.windows.net/",
            "primary_web_host": "fd01storageaccount2.z1.web.core.windows.net",
            "public_network_access_enabled": true,
            "queue_encryption_key_type": "Service",
            "queue_properties": [
              {
                "cors_rule": [],
                "hour_metrics": [
                  {
                    "enabled": true,
                    "include_apis": true,
                    "retention_policy_days": 7,
                    "version": "1.0"
                  }
                ],
                "logging": [
                  {
                    "delete": false,
                    "read": false,
                    "retention_policy_days": 0,
                    "version": "1.0",
                    "write": false
                  }
                ],
                "minute_metrics": [
                  {
                    "enabled": false,
                    "include_apis": false,
                    "retention_policy_days": 0,
                    "version": "1.0"
                  }
                ]
              }
            ],
            "resource_group_name": "FDVM-rg",
            "routing": [],
            "sas_policy": [],
            "secondary_access_key": "xY2fefv4FtSYnWD16+/yl/oHIuxlQqgElngMzg2f13AS34WXmjsP4Tn/kBVEn8Wrdp6qDpQ4lsRb+AStU85XeQ==",
            "secondary_blob_connection_string": "",
            "secondary_blob_endpoint": null,
            "secondary_blob_host": null,
            "secondary_connection_string": "DefaultEndpointsProtocol=https;AccountName=fd01storageaccount2;AccountKey=xY2fefv4FtSYnWD16+/yl/oHIuxlQqgElngMzg2f13AS34WXmjsP4Tn/kBVEn8Wrdp6qDpQ4lsRb+AStU85XeQ==;EndpointSuffix=core.windows.net",
            "secondary_dfs_endpoint": null,
            "secondary_dfs_host": null,
            "secondary_file_endpoint": null,
            "secondary_file_host": null,
            "secondary_location": "",
            "secondary_queue_endpoint": null,
            "secondary_queue_host": null,
            "secondary_table_endpoint": null,
            "secondary_table_host": null,
            "secondary_web_endpoint": null,
            "secondary_web_host": null,
            "sftp_enabled": false,
            "share_properties": [
              {
                "cors_rule": [],
                "retention_policy": [
                  {
                    "days": 7
                  }
                ],
                "smb": []
              }
            ],
            "shared_access_key_enabled": true,
            "static_website": [],
            "table_encryption_key_type": "Service",
            "tags": null,
            "timeouts": null
          },
          "sensitive_attributes": [],
          "private": "eyJlMmJmYjczMC1lY2FhLTExZTYtOGY4OC0zNDM2M2JjN2M0YzAiOnsiY3JlYXRlIjozNjAwMDAwMDAwMDAwLCJkZWxldGUiOjM2MDAwMDAwMDAwMDAsInJlYWQiOjMwMDAwMDAwMDAwMCwidXBkYXRlIjozNjAwMDAwMDAwMDAwfSwic2NoZW1hX3ZlcnNpb24iOiIzIn0=",
          "dependencies": [
            "azurerm_resource_group.rg"
          ]
        }
      ]
    },
    {
      "mode": "managed",
      "type": "azurerm_subnet",
      "name": "fd_terraform_subnet",
      "provider": "provider[\"registry.terraform.io/hashicorp/azurerm\"]",
      "instances": [
        {
          "schema_version": 0,
          "attributes": {
            "address_prefixes": [
              "10.0.1.0/24"
            ],
            "delegation": [],
            "enforce_private_link_endpoint_network_policies": false,
            "enforce_private_link_service_network_policies": false,
            "id": "/subscriptions/9331a504-ee29-4876-9c59-a57c785ff33c/resourceGroups/FDVM-rg/providers/Microsoft.Network/virtualNetworks/FD_terraform_vnet/subnets/fd_terraform_subnet",
            "name": "fd_terraform_subnet",
            "private_endpoint_network_policies_enabled": true,
            "private_link_service_network_policies_enabled": true,
            "resource_group_name": "FDVM-rg",
            "service_endpoint_policy_ids": null,
            "service_endpoints": null,
            "timeouts": null,
            "virtual_network_name": "FD_terraform_vnet"
          },
          "sensitive_attributes": [],
          "private": "eyJlMmJmYjczMC1lY2FhLTExZTYtOGY4OC0zNDM2M2JjN2M0YzAiOnsiY3JlYXRlIjoxODAwMDAwMDAwMDAwLCJkZWxldGUiOjE4MDAwMDAwMDAwMDAsInJlYWQiOjMwMDAwMDAwMDAwMCwidXBkYXRlIjoxODAwMDAwMDAwMDAwfX0=",
          "dependencies": [
            "azurerm_network_security_group.FD_terraform_nsg",
            "azurerm_resource_group.rg",
            "azurerm_virtual_network.FD_terraform_vnet"
          ]
        }
      ]
    },
    {
      "mode": "managed",
      "type": "azurerm_virtual_network",
      "name": "FD_terraform_vnet",
      "provider": "provider[\"registry.terraform.io/hashicorp/azurerm\"]",
      "instances": [
        {
          "schema_version": 0,
          "attributes": {
            "address_space": [
              "10.0.0.0/16"
            ],
            "bgp_community": "",
            "ddos_protection_plan": [],
            "dns_servers": [],
            "edge_zone": "",
            "flow_timeout_in_minutes": 0,
            "guid": "5f0a629a-d8fb-4bd0-b7cc-eefdacbc94da",
            "id": "/subscriptions/9331a504-ee29-4876-9c59-a57c785ff33c/resourceGroups/FDVM-rg/providers/Microsoft.Network/virtualNetworks/FD_terraform_vnet",
            "location": "norwayeast",
            "name": "FD_terraform_vnet",
            "resource_group_name": "FDVM-rg",
            "subnet": [],
            "tags": null,
            "timeouts": null
          },
          "sensitive_attributes": [],
          "private": "eyJlMmJmYjczMC1lY2FhLTExZTYtOGY4OC0zNDM2M2JjN2M0YzAiOnsiY3JlYXRlIjoxODAwMDAwMDAwMDAwLCJkZWxldGUiOjE4MDAwMDAwMDAwMDAsInJlYWQiOjMwMDAwMDAwMDAwMCwidXBkYXRlIjoxODAwMDAwMDAwMDAwfX0=",
          "dependencies": [
            "azurerm_resource_group.rg"
          ]
        }
      ]
    },
    {
      "mode": "managed",
      "type": "azurerm_windows_virtual_machine",
      "name": "main",
      "provider": "provider[\"registry.terraform.io/hashicorp/azurerm\"]",
      "instances": [
        {
          "schema_version": 0,
          "attributes": {
            "additional_capabilities": [],
            "additional_unattend_content": [],
            "admin_password": "nE%]{\u003eiLs9w6=ffzjlMW",
            "admin_username": "azureuser",
            "allow_extension_operations": true,
            "availability_set_id": "",
            "boot_diagnostics": [
              {
                "storage_account_uri": "https://fd01storageaccount2.blob.core.windows.net/"
              }
            ],
            "capacity_reservation_group_id": "",
            "computer_name": "fdvm01-vm",
            "custom_data": null,
            "dedicated_host_group_id": "",
            "dedicated_host_id": "",
            "edge_zone": "",
            "enable_automatic_updates": true,
            "encryption_at_host_enabled": false,
            "eviction_policy": "",
            "extensions_time_budget": "PT1H30M",
            "gallery_application": [],
            "hotpatching_enabled": false,
            "id": "/subscriptions/9331a504-ee29-4876-9c59-a57c785ff33c/resourceGroups/FDVM-rg/providers/Microsoft.Compute/virtualMachines/fdvm01-vm",
            "identity": [],
            "license_type": "",
            "location": "norwayeast",
            "max_bid_price": -1,
            "name": "fdvm01-vm",
            "network_interface_ids": [
              "/subscriptions/9331a504-ee29-4876-9c59-a57c785ff33c/resourceGroups/FDVM-rg/providers/Microsoft.Network/networkInterfaces/FD01_terraform_nic"
            ],
            "os_disk": [
              {
                "caching": "ReadOnly",
                "diff_disk_settings": [],
                "disk_encryption_set_id": "",
                "disk_size_gb": 127,
                "name": "myOsDisk",
                "secure_vm_disk_encryption_set_id": "",
                "security_encryption_type": "",
                "storage_account_type": "Premium_LRS",
                "write_accelerator_enabled": false
              }
            ],
            "patch_assessment_mode": "ImageDefault",
            "patch_mode": "AutomaticByOS",
            "plan": [],
            "platform_fault_domain": -1,
            "priority": "Regular",
            "private_ip_address": "10.0.1.4",
            "private_ip_addresses": [
              "10.0.1.4"
            ],
            "provision_vm_agent": true,
            "proximity_placement_group_id": "",
            "public_ip_address": "20.251.9.143",
            "public_ip_addresses": [
              "20.251.9.143"
            ],
            "resource_group_name": "FDVM-rg",
            "secret": [],
            "secure_boot_enabled": false,
            "size": "Standard_DS1_v2",
            "source_image_id": "",
            "source_image_reference": [
              {
                "offer": "WindowsServer",
                "publisher": "MicrosoftWindowsServer",
                "sku": "2022-datacenter-azure-edition",
                "version": "latest"
              }
            ],
            "tags": null,
            "termination_notification": null,
            "timeouts": null,
            "timezone": "",
            "user_data": "",
            "virtual_machine_id": "bc7478ca-6535-431e-8b99-f5b4e297543d",
            "virtual_machine_scale_set_id": "",
            "vtpm_enabled": false,
            "winrm_listener": [],
            "zone": ""
          },
          "sensitive_attributes": [
            [
              {
                "type": "get_attr",
                "value": "admin_password"
              }
            ]
          ],
          "private": "eyJlMmJmYjczMC1lY2FhLTExZTYtOGY4OC0zNDM2M2JjN2M0YzAiOnsiY3JlYXRlIjoyNzAwMDAwMDAwMDAwLCJkZWxldGUiOjI3MDAwMDAwMDAwMDAsInJlYWQiOjMwMDAwMDAwMDAwMCwidXBkYXRlIjoyNzAwMDAwMDAwMDAwfX0=",
          "dependencies": [
            "azurerm_network_interface.FD01_terraform_nic",
            "azurerm_network_security_group.FD_terraform_nsg",
            "azurerm_public_ip.fd001_terraform_public_ip",
            "azurerm_resource_group.rg",
            "azurerm_storage_account.FD01storageaccount2",
            "azurerm_subnet.fd_terraform_subnet",
            "azurerm_virtual_network.FD_terraform_vnet",
            "random_password.password"
          ]
        }
      ]
    },
    {
      "mode": "managed",
      "type": "random_id",
      "name": "FDV",
      "provider": "provider[\"registry.terraform.io/hashicorp/random\"]",
      "instances": [
        {
          "schema_version": 0,
          "attributes": {
            "b64_std": "keyvault3jddleY=",
            "b64_url": "keyvault3jddleY",
            "byte_length": 5,
            "dec": "keyvault954411619814",
            "hex": "keyvaultde375d95e6",
            "id": "3jddleY",
            "keepers": null,
            "prefix": "keyvault"
          },
          "sensitive_attributes": []
        }
      ]
    },
    {
      "mode": "managed",
      "type": "random_id",
      "name": "random_id",
      "provider": "provider[\"registry.terraform.io/hashicorp/random\"]",
      "instances": [
        {
          "schema_version": 0,
          "attributes": {
            "b64_std": "2N25zU64SLo=",
            "b64_url": "2N25zU64SLo",
            "byte_length": 8,
            "dec": "15626850573485623482",
            "hex": "d8ddb9cd4eb848ba",
            "id": "2N25zU64SLo",
            "keepers": {
              "resource_group": "FDVM-rg"
            },
            "prefix": null
          },
          "sensitive_attributes": [],
          "dependencies": [
            "azurerm_resource_group.rg"
          ]
        }
      ]
    },
    {
      "mode": "managed",
      "type": "random_password",
      "name": "password",
      "provider": "provider[\"registry.terraform.io/hashicorp/random\"]",
      "instances": [
        {
          "schema_version": 3,
          "attributes": {
            "bcrypt_hash": "$2a$10$abN3p0ndZNZr3T7Z0k7U9eWe//THigqh.ITtoc9/S.XyORmVEJud6",
            "id": "none",
            "keepers": null,
            "length": 20,
            "lower": true,
            "min_lower": 1,
            "min_numeric": 1,
            "min_special": 1,
            "min_upper": 1,
            "number": true,
            "numeric": true,
            "override_special": null,
            "result": "nE%]{\u003eiLs9w6=ffzjlMW",
            "special": true,
            "upper": true
          },
          "sensitive_attributes": []
        }
      ]
    }
  ],
  "check_results": null
}
