{
  "version": 4,
  "terraform_version": "1.3.7",
  "serial": 20,
  "lineage": "49514a14-37ad-582f-1d8e-f4e0d596938f",
  "outputs": {},
  "resources": [
    {
      "mode": "data",
      "type": "azurerm_client_config",
      "name": "current",
      "provider": "provider[\"registry.terraform.io/hashicorp/azurerm\"]",
      "instances": [
        {
          "schema_version": 0,
          "attributes": {
            "client_id": "0c59b34a-fdc2-4259-ab9a-66a6502949a3",
            "id": "Y2xpZW50Q29uZmlncy9jbGllbnRJZD0wYzU5YjM0YS1mZGMyLTQyNTktYWI5YS02NmE2NTAyOTQ5YTM7b2JqZWN0SWQ9Mjc2MWQxMDMtYzQ2Mi00Zjc1LWFjMzktMjExYzMzM2MzODczO3N1YnNjcmlwdGlvbklkPTkzMzFhNTA0LWVlMjktNDg3Ni05YzU5LWE1N2M3ODVmZjMzYzt0ZW5hbnRJZD03NDEzMjkyMS0wMjBkLTRkZTYtODVjMS1jZTU1N2YwNjU0ZjU=",
            "object_id": "2761d103-c462-4f75-ac39-211c333c3873",
            "subscription_id": "9331a504-ee29-4876-9c59-a57c785ff33c",
            "tenant_id": "74132921-020d-4de6-85c1-ce557f0654f5",
            "timeouts": null
          },
          "sensitive_attributes": []
        }
      ]
    },
    {
      "mode": "managed",
      "type": "azuread_group",
      "name": "dc_admins",
      "provider": "provider[\"registry.terraform.io/hashicorp/azuread\"]",
      "instances": [
        {
          "schema_version": 0,
          "attributes": {
            "administrative_unit_ids": [],
            "assignable_to_role": false,
            "auto_subscribe_new_members": false,
            "behaviors": [],
            "description": "",
            "display_name": "AAD DC Administrators",
            "dynamic_membership": [],
            "external_senders_allowed": false,
            "hide_from_address_lists": false,
            "hide_from_outlook_clients": false,
            "id": "ccedf45f-8a21-4f07-ba67-303d9b868a53",
            "mail": "",
            "mail_enabled": false,
            "mail_nickname": "ab46a75c-7",
            "members": [],
            "object_id": "ccedf45f-8a21-4f07-ba67-303d9b868a53",
            "onpremises_domain_name": "",
            "onpremises_group_type": "",
            "onpremises_netbios_name": "",
            "onpremises_sam_account_name": "",
            "onpremises_security_identifier": "",
            "onpremises_sync_enabled": false,
            "owners": [
              "df172e7c-5592-46f0-bf43-b16f9d06b084"
            ],
            "preferred_language": "",
            "prevent_duplicate_names": false,
            "provisioning_options": [],
            "proxy_addresses": [],
            "security_enabled": true,
            "theme": "",
            "timeouts": null,
            "types": [],
            "visibility": "",
            "writeback_enabled": false
          },
          "sensitive_attributes": [],
          "private": "eyJlMmJmYjczMC1lY2FhLTExZTYtOGY4OC0zNDM2M2JjN2M0YzAiOnsiY3JlYXRlIjoxMjAwMDAwMDAwMDAwLCJkZWxldGUiOjMwMDAwMDAwMDAwMCwicmVhZCI6MzAwMDAwMDAwMDAwLCJ1cGRhdGUiOjEyMDAwMDAwMDAwMDB9fQ=="
        }
      ]
    },
    {
      "mode": "managed",
      "type": "azuread_group_member",
      "name": "admin",
      "provider": "provider[\"registry.terraform.io/hashicorp/azuread\"]",
      "instances": [
        {
          "schema_version": 0,
          "attributes": {
            "group_object_id": "ccedf45f-8a21-4f07-ba67-303d9b868a53",
            "id": "ccedf45f-8a21-4f07-ba67-303d9b868a53/member/08065878-1a73-47ab-9db4-6fff4e874938",
            "member_object_id": "08065878-1a73-47ab-9db4-6fff4e874938",
            "timeouts": null
          },
          "sensitive_attributes": [],
          "private": "eyJlMmJmYjczMC1lY2FhLTExZTYtOGY4OC0zNDM2M2JjN2M0YzAiOnsiY3JlYXRlIjozMDAwMDAwMDAwMDAsImRlbGV0ZSI6MzAwMDAwMDAwMDAwLCJyZWFkIjozMDAwMDAwMDAwMDAsInVwZGF0ZSI6MzAwMDAwMDAwMDAwfX0=",
          "dependencies": [
            "azuread_group.dc_admins",
            "azuread_user.domadmin",
            "azurerm_key_vault_secret.admpassword"
          ]
        }
      ]
    },
    {
      "mode": "managed",
      "type": "azuread_user",
      "name": "domadmin",
      "provider": "provider[\"registry.terraform.io/hashicorp/azuread\"]",
      "instances": [
        {
          "schema_version": 0,
          "attributes": {
            "about_me": "",
            "account_enabled": true,
            "age_group": "",
            "business_phones": [],
            "city": "",
            "company_name": "",
            "consent_provided_for_minor": "",
            "cost_center": "",
            "country": "",
            "creation_type": "",
            "department": "",
            "disable_password_expiration": false,
            "disable_strong_password": false,
            "display_name": "DCDomene Administrator",
            "division": "",
            "employee_id": "",
            "employee_type": "",
            "external_user_state": "",
            "fax_number": "",
            "force_password_change": false,
            "given_name": "",
            "id": "08065878-1a73-47ab-9db4-6fff4e874938",
            "im_addresses": [],
            "job_title": "",
            "mail": "",
            "mail_nickname": "domadmin",
            "manager_id": "",
            "mobile_phone": "",
            "object_id": "08065878-1a73-47ab-9db4-6fff4e874938",
            "office_location": "",
            "onpremises_distinguished_name": "",
            "onpremises_domain_name": "",
            "onpremises_immutable_id": "",
            "onpremises_sam_account_name": "",
            "onpremises_security_identifier": "",
            "onpremises_sync_enabled": false,
            "onpremises_user_principal_name": "",
            "other_mails": null,
            "password": "$Ki8\u003e8DCZy{Y8SQ%cLQv",
            "postal_code": "",
            "preferred_language": "",
            "proxy_addresses": [],
            "show_in_address_list": true,
            "state": "",
            "street_address": "",
            "surname": "",
            "timeouts": null,
            "usage_location": "",
            "user_principal_name": "domadmin@s5lab.no",
            "user_type": "Member"
          },
          "sensitive_attributes": [
            [
              {
                "type": "get_attr",
                "value": "password"
              }
            ]
          ],
          "private": "eyJlMmJmYjczMC1lY2FhLTExZTYtOGY4OC0zNDM2M2JjN2M0YzAiOnsiY3JlYXRlIjozMDAwMDAwMDAwMDAsImRlbGV0ZSI6MzAwMDAwMDAwMDAwLCJyZWFkIjozMDAwMDAwMDAwMDAsInVwZGF0ZSI6MzAwMDAwMDAwMDAwfX0=",
          "dependencies": [
            "azurerm_key_vault_secret.admpassword"
          ]
        }
      ]
    },
    {
      "mode": "managed",
      "type": "azurerm_active_directory_domain_service",
      "name": "fdaads",
      "provider": "provider[\"registry.terraform.io/hashicorp/azurerm\"]",
      "instances": []
    },
    {
      "mode": "managed",
      "type": "azurerm_key_vault",
      "name": "FDkv001",
      "provider": "provider[\"registry.terraform.io/hashicorp/azurerm\"]",
      "instances": [
        {
          "schema_version": 2,
          "attributes": {
            "access_policy": [
              {
                "application_id": "",
                "certificate_permissions": [],
                "key_permissions": [
                  "Backup"
                ],
                "object_id": "2761d103-c462-4f75-ac39-211c333c3873",
                "secret_permissions": [
                  "Get",
                  "Set",
                  "Delete",
                  "Recover"
                ],
                "storage_permissions": [
                  "Get"
                ],
                "tenant_id": "74132921-020d-4de6-85c1-ce557f0654f5"
              }
            ],
            "contact": [],
            "enable_rbac_authorization": false,
            "enabled_for_deployment": false,
            "enabled_for_disk_encryption": true,
            "enabled_for_template_deployment": false,
            "id": "/subscriptions/9331a504-ee29-4876-9c59-a57c785ff33c/resourceGroups/aads/providers/Microsoft.KeyVault/vaults/FDvault001",
            "location": "norwayeast",
            "name": "FDvault001",
            "network_acls": [
              {
                "bypass": "AzureServices",
                "default_action": "Allow",
                "ip_rules": [],
                "virtual_network_subnet_ids": []
              }
            ],
            "public_network_access_enabled": true,
            "purge_protection_enabled": false,
            "resource_group_name": "aads",
            "sku_name": "standard",
            "soft_delete_retention_days": 7,
            "tags": {},
            "tenant_id": "74132921-020d-4de6-85c1-ce557f0654f5",
            "timeouts": null,
            "vault_uri": "https://fdvault001.vault.azure.net/"
          },
          "sensitive_attributes": [],
          "private": "eyJlMmJmYjczMC1lY2FhLTExZTYtOGY4OC0zNDM2M2JjN2M0YzAiOnsiY3JlYXRlIjoxODAwMDAwMDAwMDAwLCJkZWxldGUiOjE4MDAwMDAwMDAwMDAsInJlYWQiOjMwMDAwMDAwMDAwMCwidXBkYXRlIjoxODAwMDAwMDAwMDAwfSwic2NoZW1hX3ZlcnNpb24iOiIyIn0=",
          "dependencies": [
            "azurerm_resource_group.aads",
            "data.azurerm_client_config.current"
          ]
        }
      ]
    },
    {
      "mode": "managed",
      "type": "azurerm_key_vault_secret",
      "name": "admpassword",
      "provider": "provider[\"registry.terraform.io/hashicorp/azurerm\"]",
      "instances": [
        {
          "schema_version": 0,
          "attributes": {
            "content_type": "",
            "expiration_date": null,
            "id": "https://fdvault001.vault.azure.net/secrets/admpassword/89d9d7d8560d4a1a83f159d3ebb97dba",
            "key_vault_id": "/subscriptions/9331a504-ee29-4876-9c59-a57c785ff33c/resourceGroups/aads/providers/Microsoft.KeyVault/vaults/FDvault001",
            "name": "admpassword",
            "not_before_date": null,
            "resource_id": "/subscriptions/9331a504-ee29-4876-9c59-a57c785ff33c/resourceGroups/aads/providers/Microsoft.KeyVault/vaults/FDvault001/secrets/admpassword/versions/89d9d7d8560d4a1a83f159d3ebb97dba",
            "resource_versionless_id": "/subscriptions/9331a504-ee29-4876-9c59-a57c785ff33c/resourceGroups/aads/providers/Microsoft.KeyVault/vaults/FDvault001/secrets/admpassword",
            "tags": {},
            "timeouts": null,
            "value": "$Ki8\u003e8DCZy{Y8SQ%cLQv",
            "version": "89d9d7d8560d4a1a83f159d3ebb97dba",
            "versionless_id": "https://fdvault001.vault.azure.net/secrets/admpassword"
          },
          "sensitive_attributes": [
            [
              {
                "type": "get_attr",
                "value": "value"
              }
            ]
          ],
          "private": "eyJlMmJmYjczMC1lY2FhLTExZTYtOGY4OC0zNDM2M2JjN2M0YzAiOnsiY3JlYXRlIjoxODAwMDAwMDAwMDAwLCJkZWxldGUiOjE4MDAwMDAwMDAwMDAsInJlYWQiOjE4MDAwMDAwMDAwMDAsInVwZGF0ZSI6MTgwMDAwMDAwMDAwMH19",
          "dependencies": [
            "azurerm_key_vault.FDkv001",
            "azurerm_resource_group.aads",
            "data.azurerm_client_config.current",
            "random_password.password"
          ]
        }
      ]
    },
    {
      "mode": "managed",
      "type": "azurerm_network_security_group",
      "name": "aads",
      "provider": "provider[\"registry.terraform.io/hashicorp/azurerm\"]",
      "instances": [
        {
          "schema_version": 0,
          "attributes": {
            "id": "/subscriptions/9331a504-ee29-4876-9c59-a57c785ff33c/resourceGroups/aads/providers/Microsoft.Network/networkSecurityGroups/aads-nsg",
            "location": "norwayeast",
            "name": "aads-nsg",
            "resource_group_name": "aads",
            "security_rule": [
              {
                "access": "Allow",
                "description": "",
                "destination_address_prefix": "*",
                "destination_address_prefixes": [],
                "destination_application_security_group_ids": [],
                "destination_port_range": "3389",
                "destination_port_ranges": [],
                "direction": "Inbound",
                "name": "AllowRD",
                "priority": 201,
                "protocol": "Tcp",
                "source_address_prefix": "CorpNetSaw",
                "source_address_prefixes": [],
                "source_application_security_group_ids": [],
                "source_port_range": "*",
                "source_port_ranges": []
              },
              {
                "access": "Allow",
                "description": "",
                "destination_address_prefix": "*",
                "destination_address_prefixes": [],
                "destination_application_security_group_ids": [],
                "destination_port_range": "443",
                "destination_port_ranges": [],
                "direction": "Inbound",
                "name": "AllowSyncWithAzureAD",
                "priority": 101,
                "protocol": "Tcp",
                "source_address_prefix": "AzureActiveDirectoryDomainServices",
                "source_address_prefixes": [],
                "source_application_security_group_ids": [],
                "source_port_range": "*",
                "source_port_ranges": []
              },
              {
                "access": "Allow",
                "description": "",
                "destination_address_prefix": "*",
                "destination_address_prefixes": [],
                "destination_application_security_group_ids": [],
                "destination_port_range": "5986",
                "destination_port_ranges": [],
                "direction": "Inbound",
                "name": "AllowPSRemoting",
                "priority": 301,
                "protocol": "Tcp",
                "source_address_prefix": "AzureActiveDirectoryDomainServices",
                "source_address_prefixes": [],
                "source_application_security_group_ids": [],
                "source_port_range": "*",
                "source_port_ranges": []
              },
              {
                "access": "Allow",
                "description": "",
                "destination_address_prefix": "*",
                "destination_address_prefixes": [],
                "destination_application_security_group_ids": [],
                "destination_port_range": "636",
                "destination_port_ranges": [],
                "direction": "Inbound",
                "name": "AllowLDAPS",
                "priority": 401,
                "protocol": "Tcp",
                "source_address_prefix": "*",
                "source_address_prefixes": [],
                "source_application_security_group_ids": [],
                "source_port_range": "*",
                "source_port_ranges": []
              }
            ],
            "tags": {},
            "timeouts": null
          },
          "sensitive_attributes": [],
          "private": "eyJlMmJmYjczMC1lY2FhLTExZTYtOGY4OC0zNDM2M2JjN2M0YzAiOnsiY3JlYXRlIjoxODAwMDAwMDAwMDAwLCJkZWxldGUiOjE4MDAwMDAwMDAwMDAsInJlYWQiOjMwMDAwMDAwMDAwMCwidXBkYXRlIjoxODAwMDAwMDAwMDAwfX0=",
          "dependencies": [
            "azurerm_resource_group.aads"
          ]
        }
      ]
    },
    {
      "mode": "managed",
      "type": "azurerm_resource_group",
      "name": "aadds",
      "provider": "provider[\"registry.terraform.io/hashicorp/azurerm\"]",
      "instances": [
        {
          "schema_version": 0,
          "attributes": {
            "id": "/subscriptions/9331a504-ee29-4876-9c59-a57c785ff33c/resourceGroups/aadds-rg",
            "location": "norwayeast",
            "name": "aadds-rg",
            "tags": {},
            "timeouts": null
          },
          "sensitive_attributes": [],
          "private": "eyJlMmJmYjczMC1lY2FhLTExZTYtOGY4OC0zNDM2M2JjN2M0YzAiOnsiY3JlYXRlIjo1NDAwMDAwMDAwMDAwLCJkZWxldGUiOjU0MDAwMDAwMDAwMDAsInJlYWQiOjMwMDAwMDAwMDAwMCwidXBkYXRlIjo1NDAwMDAwMDAwMDAwfX0="
        }
      ]
    },
    {
      "mode": "managed",
      "type": "azurerm_resource_group",
      "name": "aads",
      "provider": "provider[\"registry.terraform.io/hashicorp/azurerm\"]",
      "instances": [
        {
          "schema_version": 0,
          "attributes": {
            "id": "/subscriptions/9331a504-ee29-4876-9c59-a57c785ff33c/resourceGroups/aads",
            "location": "norwayeast",
            "name": "aads",
            "tags": {},
            "timeouts": null
          },
          "sensitive_attributes": [],
          "private": "eyJlMmJmYjczMC1lY2FhLTExZTYtOGY4OC0zNDM2M2JjN2M0YzAiOnsiY3JlYXRlIjo1NDAwMDAwMDAwMDAwLCJkZWxldGUiOjU0MDAwMDAwMDAwMDAsInJlYWQiOjMwMDAwMDAwMDAwMCwidXBkYXRlIjo1NDAwMDAwMDAwMDAwfX0="
        }
      ]
    },
    {
      "mode": "managed",
      "type": "azurerm_subnet",
      "name": "aads",
      "provider": "provider[\"registry.terraform.io/hashicorp/azurerm\"]",
      "instances": [
        {
          "schema_version": 0,
          "attributes": {
            "address_prefixes": [
              "10.0.0.0/24"
            ],
            "delegation": [],
            "enforce_private_link_endpoint_network_policies": false,
            "enforce_private_link_service_network_policies": false,
            "id": "/subscriptions/9331a504-ee29-4876-9c59-a57c785ff33c/resourceGroups/aads/providers/Microsoft.Network/virtualNetworks/aads-vnet/subnets/aads-subnet",
            "name": "aads-subnet",
            "private_endpoint_network_policies_enabled": true,
            "private_link_service_network_policies_enabled": true,
            "resource_group_name": "aads",
            "service_endpoint_policy_ids": [],
            "service_endpoints": [],
            "timeouts": null,
            "virtual_network_name": "aads-vnet"
          },
          "sensitive_attributes": [],
          "private": "eyJlMmJmYjczMC1lY2FhLTExZTYtOGY4OC0zNDM2M2JjN2M0YzAiOnsiY3JlYXRlIjoxODAwMDAwMDAwMDAwLCJkZWxldGUiOjE4MDAwMDAwMDAwMDAsInJlYWQiOjMwMDAwMDAwMDAwMCwidXBkYXRlIjoxODAwMDAwMDAwMDAwfX0=",
          "dependencies": [
            "azurerm_resource_group.aads",
            "azurerm_virtual_network.aads"
          ]
        }
      ]
    },
    {
      "mode": "managed",
      "type": "azurerm_subnet_network_security_group_association",
      "name": "aads",
      "provider": "provider[\"registry.terraform.io/hashicorp/azurerm\"]",
      "instances": [
        {
          "schema_version": 0,
          "attributes": {
            "id": "/subscriptions/9331a504-ee29-4876-9c59-a57c785ff33c/resourceGroups/aads/providers/Microsoft.Network/virtualNetworks/aads-vnet/subnets/aads-subnet",
            "network_security_group_id": "/subscriptions/9331a504-ee29-4876-9c59-a57c785ff33c/resourceGroups/aads/providers/Microsoft.Network/networkSecurityGroups/aads-nsg",
            "subnet_id": "/subscriptions/9331a504-ee29-4876-9c59-a57c785ff33c/resourceGroups/aads/providers/Microsoft.Network/virtualNetworks/aads-vnet/subnets/aads-subnet",
            "timeouts": null
          },
          "sensitive_attributes": [],
          "private": "eyJlMmJmYjczMC1lY2FhLTExZTYtOGY4OC0zNDM2M2JjN2M0YzAiOnsiY3JlYXRlIjoxODAwMDAwMDAwMDAwLCJkZWxldGUiOjE4MDAwMDAwMDAwMDAsInJlYWQiOjMwMDAwMDAwMDAwMCwidXBkYXRlIjoxODAwMDAwMDAwMDAwfX0=",
          "dependencies": [
            "azurerm_network_security_group.aads",
            "azurerm_resource_group.aads",
            "azurerm_subnet.aads",
            "azurerm_virtual_network.aads"
          ]
        }
      ]
    },
    {
      "mode": "managed",
      "type": "azurerm_virtual_network",
      "name": "aads",
      "provider": "provider[\"registry.terraform.io/hashicorp/azurerm\"]",
      "instances": [
        {
          "schema_version": 0,
          "attributes": {
            "address_space": [
              "10.0.0.0/16"
            ],
            "bgp_community": "",
            "ddos_protection_plan": [],
            "dns_servers": [],
            "edge_zone": "",
            "flow_timeout_in_minutes": 0,
            "guid": "adf72988-3c0c-4441-9318-edc708f5d186",
            "id": "/subscriptions/9331a504-ee29-4876-9c59-a57c785ff33c/resourceGroups/aads/providers/Microsoft.Network/virtualNetworks/aads-vnet",
            "location": "norwayeast",
            "name": "aads-vnet",
            "resource_group_name": "aads",
            "subnet": [
              {
                "address_prefix": "10.0.0.0/24",
                "id": "/subscriptions/9331a504-ee29-4876-9c59-a57c785ff33c/resourceGroups/aads/providers/Microsoft.Network/virtualNetworks/aads-vnet/subnets/aads-subnet",
                "name": "aads-subnet",
                "security_group": "/subscriptions/9331a504-ee29-4876-9c59-a57c785ff33c/resourceGroups/aads/providers/Microsoft.Network/networkSecurityGroups/aads-nsg"
              }
            ],
            "tags": {},
            "timeouts": null
          },
          "sensitive_attributes": [],
          "private": "eyJlMmJmYjczMC1lY2FhLTExZTYtOGY4OC0zNDM2M2JjN2M0YzAiOnsiY3JlYXRlIjoxODAwMDAwMDAwMDAwLCJkZWxldGUiOjE4MDAwMDAwMDAwMDAsInJlYWQiOjMwMDAwMDAwMDAwMCwidXBkYXRlIjoxODAwMDAwMDAwMDAwfX0=",
          "dependencies": [
            "azurerm_resource_group.aads"
          ]
        }
      ]
    },
    {
      "mode": "managed",
      "type": "random_id",
      "name": "FDV",
      "provider": "provider[\"registry.terraform.io/hashicorp/random\"]",
      "instances": [
        {
          "schema_version": 0,
          "attributes": {
            "b64_std": "keyvaulthwcpGjE=",
            "b64_url": "keyvaulthwcpGjE",
            "byte_length": 5,
            "dec": "keyvault579940719153",
            "hex": "keyvault8707291a31",
            "id": "hwcpGjE",
            "keepers": null,
            "prefix": "keyvault"
          },
          "sensitive_attributes": []
        }
      ]
    },
    {
      "mode": "managed",
      "type": "random_password",
      "name": "password",
      "provider": "provider[\"registry.terraform.io/hashicorp/random\"]",
      "instances": [
        {
          "schema_version": 3,
          "attributes": {
            "bcrypt_hash": "$2a$10$gCIUjp/5zGYB4z6aIRSda.q3euTdi3Ap4IrQJKExOCQxOpi09boDu",
            "id": "none",
            "keepers": null,
            "length": 20,
            "lower": true,
            "min_lower": 1,
            "min_numeric": 1,
            "min_special": 1,
            "min_upper": 1,
            "number": true,
            "numeric": true,
            "override_special": null,
            "result": "$Ki8\u003e8DCZy{Y8SQ%cLQv",
            "special": true,
            "upper": true
          },
          "sensitive_attributes": []
        }
      ]
    }
  ],
  "check_results": null
}
